
Microsoft Visual Studio Solution File, Format Version 12.00
# Visual Studio Version 17
VisualStudioVersion = 17.10.35122.118
MinimumVisualStudioVersion = 10.0.40219.1
Project("{9A19103F-16F7-4668-BE54-9A1E7A4F7556}") = "Clase02", "Clase02\Clase02.csproj", "{5DCD837F-3856-46F2-BA31-F24BE1E9799B}"
EndProject
Project("{9A19103F-16F7-4668-BE54-9A1E7A4F7556}") = "Clase03", "Clase03\Clase03.csproj", "{B1A7EC6E-6A2A-4FA8-8D2D-636CAF56A193}"
EndProject
Project("{9A19103F-16F7-4668-BE54-9A1E7A4F7556}") = "Clase04", "Clase04\Clase04.csproj", "{C3172E41-4051-4EE2-B72E-2E024055593A}"
EndProject
Project("{2150E333-8FDC-42A3-9474-1A3956D46DE8}") = "Clase05", "Clase05", "{59B43AD9-6BE3-4CB1-9E02-94AFA2B1C7B4}"
EndProject
Project("{9A19103F-16F7-4668-BE54-9A1E7A4F7556}") = "Clase05.Clases", "Clase05\Clase05.Clases\Clase05.Clases.csproj", "{D711AC37-2142-4E74-BE7E-F6DDF0228A31}"
EndProject
Project("{9A19103F-16F7-4668-BE54-9A1E7A4F7556}") = "Clase05.Console", "Clase05\Clase05.Console\Clase05.Console.csproj", "{286001A3-2B83-47A3-9C0C-310C0C2A6AC0}"
EndProject
Project("{9A19103F-16F7-4668-BE54-9A1E7A4F7556}") = "Clase06", "Clase06\Clase06.csproj", "{7E427A18-0884-4509-9F43-93C3010A79EA}"
EndProject
Project("{9A19103F-16F7-4668-BE54-9A1E7A4F7556}") = "Clase07", "Clase07\Clase07.csproj", "{CC1FB7D8-9B5E-4E8F-8358-EB2595DFF0EF}"
EndProject
Project("{9A19103F-16F7-4668-BE54-9A1E7A4F7556}") = "Clase08", "Clase08\Clase08.csproj", "{97BB3975-66EA-4A2E-9D65-0DF125AE27A7}"
EndProject
Project("{2150E333-8FDC-42A3-9474-1A3956D46DE8}") = "Clase09", "Clase09", "{5D464E5B-B922-4C50-80AD-AC6F837E1BFB}"
EndProject
Project("{9A19103F-16F7-4668-BE54-9A1E7A4F7556}") = "Clase09.Consola", "Clase09\Clase09.Consola\Clase09.Consola.csproj", "{316AE117-69B6-40FD-98C9-A704E2C946ED}"
EndProject
Project("{9A19103F-16F7-4668-BE54-9A1E7A4F7556}") = "Clase09.Maui", "Clase09\Clas0e9.Maui\Clase09.Maui.csproj", "{417FF2C4-1EAB-4272-B867-C29A97074C28}"
EndProject
Project("{9A19103F-16F7-4668-BE54-9A1E7A4F7556}") = "Clase10", "Clase10\Clase10.csproj", "{5067767E-A06F-43CE-91B8-7189CD5A86E8}"
EndProject
Project("{FAE04EC0-301F-11D3-BF4B-00C04F79EFBC}") = "Clase11", "Clase11\Clase11.csproj", "{D1994697-C01B-4111-B8BD-3FE61C268E7F}"
EndProject
Global
	GlobalSection(SolutionConfigurationPlatforms) = preSolution
		Debug|Any CPU = Debug|Any CPU
		Release|Any CPU = Release|Any CPU
	EndGlobalSection
	GlobalSection(ProjectConfigurationPlatforms) = postSolution
		{5DCD837F-3856-46F2-BA31-F24BE1E9799B}.Debug|Any CPU.ActiveCfg = Debug|Any CPU
		{5DCD837F-3856-46F2-BA31-F24BE1E9799B}.Debug|Any CPU.Build.0 = Debug|Any CPU
		{5DCD837F-3856-46F2-BA31-F24BE1E9799B}.Release|Any CPU.ActiveCfg = Release|Any CPU
		{5DCD837F-3856-46F2-BA31-F24BE1E9799B}.Release|Any CPU.Build.0 = Release|Any CPU
		{B1A7EC6E-6A2A-4FA8-8D2D-636CAF56A193}.Debug|Any CPU.ActiveCfg = Debug|Any CPU
		{B1A7EC6E-6A2A-4FA8-8D2D-636CAF56A193}.Debug|Any CPU.Build.0 = Debug|Any CPU
		{B1A7EC6E-6A2A-4FA8-8D2D-636CAF56A193}.Release|Any CPU.ActiveCfg = Release|Any CPU
		{B1A7EC6E-6A2A-4FA8-8D2D-636CAF56A193}.Release|Any CPU.Build.0 = Release|Any CPU
		{C3172E41-4051-4EE2-B72E-2E024055593A}.Debug|Any CPU.ActiveCfg = Debug|Any CPU
		{C3172E41-4051-4EE2-B72E-2E024055593A}.Debug|Any CPU.Build.0 = Debug|Any CPU
		{C3172E41-4051-4EE2-B72E-2E024055593A}.Release|Any CPU.ActiveCfg = Release|Any CPU
		{C3172E41-4051-4EE2-B72E-2E024055593A}.Release|Any CPU.Build.0 = Release|Any CPU
		{D711AC37-2142-4E74-BE7E-F6DDF0228A31}.Debug|Any CPU.ActiveCfg = Debug|Any CPU
		{D711AC37-2142-4E74-BE7E-F6DDF0228A31}.Debug|Any CPU.Build.0 = Debug|Any CPU
		{D711AC37-2142-4E74-BE7E-F6DDF0228A31}.Release|Any CPU.ActiveCfg = Release|Any CPU
		{D711AC37-2142-4E74-BE7E-F6DDF0228A31}.Release|Any CPU.Build.0 = Release|Any CPU
		{286001A3-2B83-47A3-9C0C-310C0C2A6AC0}.Debug|Any CPU.ActiveCfg = Debug|Any CPU
		{286001A3-2B83-47A3-9C0C-310C0C2A6AC0}.Debug|Any CPU.Build.0 = Debug|Any CPU
		{286001A3-2B83-47A3-9C0C-310C0C2A6AC0}.Release|Any CPU.ActiveCfg = Release|Any CPU
		{286001A3-2B83-47A3-9C0C-310C0C2A6AC0}.Release|Any CPU.Build.0 = Release|Any CPU
		{7E427A18-0884-4509-9F43-93C3010A79EA}.Debug|Any CPU.ActiveCfg = Debug|Any CPU
		{7E427A18-0884-4509-9F43-93C3010A79EA}.Debug|Any CPU.Build.0 = Debug|Any CPU
		{7E427A18-0884-4509-9F43-93C3010A79EA}.Release|Any CPU.ActiveCfg = Release|Any CPU
		{7E427A18-0884-4509-9F43-93C3010A79EA}.Release|Any CPU.Build.0 = Release|Any CPU
		{CC1FB7D8-9B5E-4E8F-8358-EB2595DFF0EF}.Debug|Any CPU.ActiveCfg = Debug|Any CPU
		{CC1FB7D8-9B5E-4E8F-8358-EB2595DFF0EF}.Debug|Any CPU.Build.0 = Debug|Any CPU
		{CC1FB7D8-9B5E-4E8F-8358-EB2595DFF0EF}.Debug|Any CPU.Deploy.0 = Debug|Any CPU
		{CC1FB7D8-9B5E-4E8F-8358-EB2595DFF0EF}.Release|Any CPU.ActiveCfg = Release|Any CPU
		{CC1FB7D8-9B5E-4E8F-8358-EB2595DFF0EF}.Release|Any CPU.Build.0 = Release|Any CPU
		{CC1FB7D8-9B5E-4E8F-8358-EB2595DFF0EF}.Release|Any CPU.Deploy.0 = Release|Any CPU
		{97BB3975-66EA-4A2E-9D65-0DF125AE27A7}.Debug|Any CPU.ActiveCfg = Debug|Any CPU
		{97BB3975-66EA-4A2E-9D65-0DF125AE27A7}.Debug|Any CPU.Build.0 = Debug|Any CPU
		{97BB3975-66EA-4A2E-9D65-0DF125AE27A7}.Release|Any CPU.ActiveCfg = Release|Any CPU
		{97BB3975-66EA-4A2E-9D65-0DF125AE27A7}.Release|Any CPU.Build.0 = Release|Any CPU
		{316AE117-69B6-40FD-98C9-A704E2C946ED}.Debug|Any CPU.ActiveCfg = Debug|Any CPU
		{316AE117-69B6-40FD-98C9-A704E2C946ED}.Debug|Any CPU.Build.0 = Debug|Any CPU
		{316AE117-69B6-40FD-98C9-A704E2C946ED}.Release|Any CPU.ActiveCfg = Release|Any CPU
		{316AE117-69B6-40FD-98C9-A704E2C946ED}.Release|Any CPU.Build.0 = Release|Any CPU
		{417FF2C4-1EAB-4272-B867-C29A97074C28}.Debug|Any CPU.ActiveCfg = Debug|Any CPU
		{417FF2C4-1EAB-4272-B867-C29A97074C28}.Debug|Any CPU.Build.0 = Debug|Any CPU
		{417FF2C4-1EAB-4272-B867-C29A97074C28}.Debug|Any CPU.Deploy.0 = Debug|Any CPU
		{417FF2C4-1EAB-4272-B867-C29A97074C28}.Release|Any CPU.ActiveCfg = Release|Any CPU
		{417FF2C4-1EAB-4272-B867-C29A97074C28}.Release|Any CPU.Build.0 = Release|Any CPU
		{417FF2C4-1EAB-4272-B867-C29A97074C28}.Release|Any CPU.Deploy.0 = Release|Any CPU
		{5067767E-A06F-43CE-91B8-7189CD5A86E8}.Debug|Any CPU.ActiveCfg = Debug|Any CPU
		{5067767E-A06F-43CE-91B8-7189CD5A86E8}.Debug|Any CPU.Build.0 = Debug|Any CPU
		{5067767E-A06F-43CE-91B8-7189CD5A86E8}.Debug|Any CPU.Deploy.0 = Debug|Any CPU
		{5067767E-A06F-43CE-91B8-7189CD5A86E8}.Release|Any CPU.ActiveCfg = Release|Any CPU
		{5067767E-A06F-43CE-91B8-7189CD5A86E8}.Release|Any CPU.Build.0 = Release|Any CPU
		{5067767E-A06F-43CE-91B8-7189CD5A86E8}.Release|Any CPU.Deploy.0 = Release|Any CPU
		{D1994697-C01B-4111-B8BD-3FE61C268E7F}.Debug|Any CPU.ActiveCfg = Debug|Any CPU
		{D1994697-C01B-4111-B8BD-3FE61C268E7F}.Debug|Any CPU.Build.0 = Debug|Any CPU
		{D1994697-C01B-4111-B8BD-3FE61C268E7F}.Debug|Any CPU.Deploy.0 = Debug|Any CPU
		{D1994697-C01B-4111-B8BD-3FE61C268E7F}.Release|Any CPU.ActiveCfg = Release|Any CPU
		{D1994697-C01B-4111-B8BD-3FE61C268E7F}.Release|Any CPU.Build.0 = Release|Any CPU
		{D1994697-C01B-4111-B8BD-3FE61C268E7F}.Release|Any CPU.Deploy.0 = Release|Any CPU
	EndGlobalSection
	GlobalSection(SolutionProperties) = preSolution
		HideSolutionNode = FALSE
	EndGlobalSection
	GlobalSection(NestedProjects) = preSolution
		{D711AC37-2142-4E74-BE7E-F6DDF0228A31} = {59B43AD9-6BE3-4CB1-9E02-94AFA2B1C7B4}
		{286001A3-2B83-47A3-9C0C-310C0C2A6AC0} = {59B43AD9-6BE3-4CB1-9E02-94AFA2B1C7B4}
		{316AE117-69B6-40FD-98C9-A704E2C946ED} = {5D464E5B-B922-4C50-80AD-AC6F837E1BFB}
		{417FF2C4-1EAB-4272-B867-C29A97074C28} = {5D464E5B-B922-4C50-80AD-AC6F837E1BFB}
	EndGlobalSection
	GlobalSection(ExtensibilityGlobals) = postSolution
		SolutionGuid = {1D775F00-9FC9-499B-949C-DFCAC45DD00C}
	EndGlobalSection
EndGlobal
